// !$*UTF8*$!
{
	archiveVersion = 1;
	classes = {
	};
	objectVersion = 46;
	objects = {

/* Begin PBXBuildFile section */
		23C954231AC3366D00798655 /* main.m in Sources */ = {isa = PBXBuildFile; fileRef = 23C954221AC3366D00798655 /* main.m */; };
		23C954261AC3366D00798655 /* AppDelegate.m in Sources */ = {isa = PBXBuildFile; fileRef = 23C954251AC3366D00798655 /* AppDelegate.m */; };
		23C954291AC3366D00798655 /* ViewController.m in Sources */ = {isa = PBXBuildFile; fileRef = 23C954281AC3366D00798655 /* ViewController.m */; };
		23C9542C1AC3366D00798655 /* Main.storyboard in Resources */ = {isa = PBXBuildFile; fileRef = 23C9542A1AC3366D00798655 /* Main.storyboard */; };
		23C9542E1AC3366D00798655 /* Images.xcassets in Resources */ = {isa = PBXBuildFile; fileRef = 23C9542D1AC3366D00798655 /* Images.xcassets */; };
		23C954311AC3366D00798655 /* LaunchScreen.xib in Resources */ = {isa = PBXBuildFile; fileRef = 23C9542F1AC3366D00798655 /* LaunchScreen.xib */; };
		23C9543D1AC3366D00798655 /* ZaHunterTests.m in Sources */ = {isa = PBXBuildFile; fileRef = 23C9543C1AC3366D00798655 /* ZaHunterTests.m */; };
		23C954471AC3381F00798655 /* MapKit.framework in Frameworks */ = {isa = PBXBuildFile; fileRef = 23C954461AC3381F00798655 /* MapKit.framework */; };
		23C954491AC3382800798655 /* CoreLocation.framework in Frameworks */ = {isa = PBXBuildFile; fileRef = 23C954481AC3382800798655 /* CoreLocation.framework */; };
		23C9544C1AC3392400798655 /* Pizzeria.m in Sources */ = {isa = PBXBuildFile; fileRef = 23C9544B1AC3392400798655 /* Pizzeria.m */; };
/* End PBXBuildFile section */

/* Begin PBXContainerItemProxy section */
		23C954371AC3366D00798655 /* PBXContainerItemProxy */ = {
			isa = PBXContainerItemProxy;
			containerPortal = 23C954151AC3366D00798655 /* Project object */;
			proxyType = 1;
			remoteGlobalIDString = 23C9541C1AC3366D00798655;
			remoteInfo = ZaHunter;
		};
/* End PBXContainerItemProxy section */

/* Begin PBXFileReference section */
		23C9541D1AC3366D00798655 /* ZaHunter.app */ = {isa = PBXFileReference; explicitFileType = wrapper.application; includeInIndex = 0; path = ZaHunter.app; sourceTree = BUILT_PRODUCTS_DIR; };
		23C954211AC3366D00798655 /* Info.plist */ = {isa = PBXFileReference; lastKnownFileType = text.plist.xml; path = Info.plist; sourceTree = "<group>"; };
		23C954221AC3366D00798655 /* main.m */ = {isa = PBXFileReference; lastKnownFileType = sourcecode.c.objc; path = main.m; sourceTree = "<group>"; };
		23C954241AC3366D00798655 /* AppDelegate.h */ = {isa = PBXFileReference; lastKnownFileType = sourcecode.c.h; path = AppDelegate.h; sourceTree = "<group>"; };
		23C954251AC3366D00798655 /* AppDelegate.m */ = {isa = PBXFileReference; lastKnownFileType = sourcecode.c.objc; path = AppDelegate.m; sourceTree = "<group>"; };
		23C954271AC3366D00798655 /* ViewController.h */ = {isa = PBXFileReference; lastKnownFileType = sourcecode.c.h; path = ViewController.h; sourceTree = "<group>"; };
		23C954281AC3366D00798655 /* ViewController.m */ = {isa = PBXFileReference; lastKnownFileType = sourcecode.c.objc; path = ViewController.m; sourceTree = "<group>"; };
		23C9542B1AC3366D00798655 /* Base */ = {isa = PBXFileReference; lastKnownFileType = file.storyboard; name = Base; path = Base.lproj/Main.storyboard; sourceTree = "<group>"; };
		23C9542D1AC3366D00798655 /* Images.xcassets */ = {isa = PBXFileReference; lastKnownFileType = folder.assetcatalog; path = Images.xcassets; sourceTree = "<group>"; };
		23C954301AC3366D00798655 /* Base */ = {isa = PBXFileReference; lastKnownFileType = file.xib; name = Base; path = Base.lproj/LaunchScreen.xib; sourceTree = "<group>"; };
		23C954361AC3366D00798655 /* ZaHunterTests.xctest */ = {isa = PBXFileReference; explicitFileType = wrapper.cfbundle; includeInIndex = 0; path = ZaHunterTests.xctest; sourceTree = BUILT_PRODUCTS_DIR; };
		23C9543B1AC3366D00798655 /* Info.plist */ = {isa = PBXFileReference; lastKnownFileType = text.plist.xml; path = Info.plist; sourceTree = "<group>"; };
		23C9543C1AC3366D00798655 /* ZaHunterTests.m */ = {isa = PBXFileReference; lastKnownFileType = sourcecode.c.objc; path = ZaHunterTests.m; sourceTree = "<group>"; };
		23C954461AC3381F00798655 /* MapKit.framework */ = {isa = PBXFileReference; lastKnownFileType = wrapper.framework; name = MapKit.framework; path = System/Library/Frameworks/MapKit.framework; sourceTree = SDKROOT; };
		23C954481AC3382800798655 /* CoreLocation.framework */ = {isa = PBXFileReference; lastKnownFileType = wrapper.framework; name = CoreLocation.framework; path = System/Library/Frameworks/CoreLocation.framework; sourceTree = SDKROOT; };
		23C9544A1AC3392400798655 /* Pizzeria.h */ = {isa = PBXFileReference; fileEncoding = 4; lastKnownFileType = sourcecode.c.h; path = Pizzeria.h; sourceTree = "<group>"; };
		23C9544B1AC3392400798655 /* Pizzeria.m */ = {isa = PBXFileReference; fileEncoding = 4; lastKnownFileType = sourcecode.c.objc; path = Pizzeria.m; sourceTree = "<group>"; };
/* End PBXFileReference section */

/* Begin PBXFrameworksBuildPhase section */
		23C9541A1AC3366D00798655 /* Frameworks */ = {
			isa = PBXFrameworksBuildPhase;
			buildActionMask = 2147483647;
			files = (
				23C954491AC3382800798655 /* CoreLocation.framework in Frameworks */,
				23C954471AC3381F00798655 /* MapKit.framework in Frameworks */,
			);
			runOnlyForDeploymentPostprocessing = 0;
		};
		23C954331AC3366D00798655 /* Frameworks */ = {
			isa = PBXFrameworksBuildPhase;
			buildActionMask = 2147483647;
			files = (
			);
			runOnlyForDeploymentPostprocessing = 0;
		};
/* End PBXFrameworksBuildPhase section */

/* Begin PBXGroup section */
		23C954141AC3366D00798655 = {
			isa = PBXGroup;
			children = (
				23C954481AC3382800798655 /* CoreLocation.framework */,
				23C954461AC3381F00798655 /* MapKit.framework */,
				23C9541F1AC3366D00798655 /* ZaHunter */,
				23C954391AC3366D00798655 /* ZaHunterTests */,
				23C9541E1AC3366D00798655 /* Products */,
			);
			sourceTree = "<group>";
		};
		23C9541E1AC3366D00798655 /* Products */ = {
			isa = PBXGroup;
			children = (
				23C9541D1AC3366D00798655 /* ZaHunter.app */,
				23C954361AC3366D00798655 /* ZaHunterTests.xctest */,
			);
			name = Products;
			sourceTree = "<group>";
		};
		23C9541F1AC3366D00798655 /* ZaHunter */ = {
			isa = PBXGroup;
			children = (
				23C954241AC3366D00798655 /* AppDelegate.h */,
				23C954251AC3366D00798655 /* AppDelegate.m */,
				23C9544D1AC33EC100798655 /* Model */,
				23C9544F1AC3400F00798655 /* View */,
				23C9544E1AC33EE900798655 /* Controller */,
				23C9542D1AC3366D00798655 /* Images.xcassets */,
				23C954201AC3366D00798655 /* Supporting Files */,
			);
			path = ZaHunter;
			sourceTree = "<group>";
		};
		23C954201AC3366D00798655 /* Supporting Files */ = {
			isa = PBXGroup;
			children = (
				23C954211AC3366D00798655 /* Info.plist */,
				23C954221AC3366D00798655 /* main.m */,
			);
			name = "Supporting Files";
			sourceTree = "<group>";
		};
		23C954391AC3366D00798655 /* ZaHunterTests */ = {
			isa = PBXGroup;
			children = (
				23C9543C1AC3366D00798655 /* ZaHunterTests.m */,
				23C9543A1AC3366D00798655 /* Supporting Files */,
			);
			path = ZaHunterTests;
			sourceTree = "<group>";
		};
		23C9543A1AC3366D00798655 /* Supporting Files */ = {
			isa = PBXGroup;
			children = (
				23C9543B1AC3366D00798655 /* Info.plist */,
			);
			name = "Supporting Files";
			sourceTree = "<group>";
		};
		23C9544D1AC33EC100798655 /* Model */ = {
			isa = PBXGroup;
			children = (
				23C9544A1AC3392400798655 /* Pizzeria.h */,
				23C9544B1AC3392400798655 /* Pizzeria.m */,
			);
			name = Model;
			sourceTree = "<group>";
		};
		23C9544E1AC33EE900798655 /* Controller */ = {
			isa = PBXGroup;
			children = (
				23C954271AC3366D00798655 /* ViewController.h */,
				23C954281AC3366D00798655 /* ViewController.m */,
			);
			name = Controller;
			sourceTree = "<group>";
		};
		23C9544F1AC3400F00798655 /* View */ = {
			isa = PBXGroup;
			children = (
				23C9542A1AC3366D00798655 /* Main.storyboard */,
				23C9542F1AC3366D00798655 /* LaunchScreen.xib */,
			);
			name = View;
			sourceTree = "<group>";
		};
/* End PBXGroup section */

/* Begin PBXNativeTarget section */
		23C9541C1AC3366D00798655 /* ZaHunter */ = {
			isa = PBXNativeTarget;
			buildConfigurationList = 23C954401AC3366D00798655 /* Build configuration list for PBXNativeTarget "ZaHunter" */;
			buildPhases = (
				23C954191AC3366D00798655 /* Sources */,
				23C9541A1AC3366D00798655 /* Frameworks */,
				23C9541B1AC3366D00798655 /* Resources */,
			);
			buildRules = (
			);
			dependencies = (
			);
			name = ZaHunter;
			productName = ZaHunter;
			productReference = 23C9541D1AC3366D00798655 /* ZaHunter.app */;
			productType = "com.apple.product-type.application";
		};
		23C954351AC3366D00798655 /* ZaHunterTests */ = {
			isa = PBXNativeTarget;
			buildConfigurationList = 23C954431AC3366D00798655 /* Build configuration list for PBXNativeTarget "ZaHunterTests" */;
			buildPhases = (
				23C954321AC3366D00798655 /* Sources */,
				23C954331AC3366D00798655 /* Frameworks */,
				23C954341AC3366D00798655 /* Resources */,
			);
			buildRules = (
			);
			dependencies = (
				23C954381AC3366D00798655 /* PBXTargetDependency */,
			);
			name = ZaHunterTests;
			productName = ZaHunterTests;
			productReference = 23C954361AC3366D00798655 /* ZaHunterTests.xctest */;
			productType = "com.apple.product-type.bundle.unit-test";
		};
/* End PBXNativeTarget section */

/* Begin PBXProject section */
		23C954151AC3366D00798655 /* Project object */ = {
			isa = PBXProject;
			attributes = {
				LastUpgradeCheck = 0620;
				ORGANIZATIONNAME = "Timothy Mueller";
				TargetAttributes = {
					23C9541C1AC3366D00798655 = {
						CreatedOnToolsVersion = 6.2;
					};
					23C954351AC3366D00798655 = {
						CreatedOnToolsVersion = 6.2;
						TestTargetID = 23C9541C1AC3366D00798655;
					};
				};
			};
			buildConfigurationList = 23C954181AC3366D00798655 /* Build configuration list for PBXProject "ZaHunter" */;
			compatibilityVersion = "Xcode 3.2";
			developmentRegion = English;
			hasScannedForEncodings = 0;
			knownRegions = (
				en,
				Base,
			);
			mainGroup = 23C954141AC3366D00798655;
			productRefGroup = 23C9541E1AC3366D00798655 /* Products */;
			projectDirPath = "";
			projectRoot = "";
			targets = (
				23C9541C1AC3366D00798655 /* ZaHunter */,
				23C954351AC3366D00798655 /* ZaHunterTests */,
			);
		};
/* End PBXProject section */

/* Begin PBXResourcesBuildPhase section */
		23C9541B1AC3366D00798655 /* Resources */ = {
			isa = PBXResourcesBuildPhase;
			buildActionMask = 2147483647;
			files = (
				23C9542C1AC3366D00798655 /* Main.storyboard in Resources */,
				23C954311AC3366D00798655 /* LaunchScreen.xib in Resources */,
				23C9542E1AC3366D00798655 /* Images.xcassets in Resources */,
			);
			runOnlyForDeploymentPostprocessing = 0;
		};
		23C954341AC3366D00798655 /* Resources */ = {
			isa = PBXResourcesBuildPhase;
			buildActionMask = 2147483647;
			files = (
			);
			runOnlyForDeploymentPostprocessing = 0;
		};
/* End PBXResourcesBuildPhase section */

/* Begin PBXSourcesBuildPhase section */
		23C954191AC3366D00798655 /* Sources */ = {
			isa = PBXSourcesBuildPhase;
			buildActionMask = 2147483647;
			files = (
				23C954291AC3366D00798655 /* ViewController.m in Sources */,
				23C954261AC3366D00798655 /* AppDelegate.m in Sources */,
				23C954231AC3366D00798655 /* main.m in Sources */,
				23C9544C1AC3392400798655 /* Pizzeria.m in Sources */,
			);
			runOnlyForDeploymentPostprocessing = 0;
		};
		23C954321AC3366D00798655 /* Sources */ = {
			isa = PBXSourcesBuildPhase;
			buildActionMask = 2147483647;
			files = (
				23C9543D1AC3366D00798655 /* ZaHunterTests.m in Sources */,
			);
			runOnlyForDeploymentPostprocessing = 0;
		};
/* End PBXSourcesBuildPhase section */

/* Begin PBXTargetDependency section */
		23C954381AC3366D00798655 /* PBXTargetDependency */ = {
			isa = PBXTargetDependency;
			target = 23C9541C1AC3366D00798655 /* ZaHunter */;
			targetProxy = 23C954371AC3366D00798655 /* PBXContainerItemProxy */;
		};
/* End PBXTargetDependency section */

/* Begin PBXVariantGroup section */
		23C9542A1AC3366D00798655 /* Main.storyboard */ = {
			isa = PBXVariantGroup;
			children = (
				23C9542B1AC3366D00798655 /* Base */,
			);
			name = Main.storyboard;
			sourceTree = "<group>";
		};
		23C9542F1AC3366D00798655 /* LaunchScreen.xib */ = {
			isa = PBXVariantGroup;
			children = (
				23C954301AC3366D00798655 /* Base */,
			);
			name = LaunchScreen.xib;
			sourceTree = "<group>";
		};
/* End PBXVariantGroup section */

/* Begin XCBuildConfiguration section */
		23C9543E1AC3366D00798655 /* Debug */ = {
			isa = XCBuildConfiguration;
			buildSettings = {
				ALWAYS_SEARCH_USER_PATHS = NO;
				CLANG_CXX_LANGUAGE_STANDARD = "gnu++0x";
				CLANG_CXX_LIBRARY = "libc++";
				CLANG_ENABLE_MODULES = YES;
				CLANG_ENABLE_OBJC_ARC = YES;
				CLANG_WARN_BOOL_CONVERSION = YES;
				CLANG_WARN_CONSTANT_CONVERSION = YES;
				CLANG_WARN_DIRECT_OBJC_ISA_USAGE = YES_ERROR;
				CLANG_WARN_EMPTY_BODY = YES;
				CLANG_WARN_ENUM_CONVERSION = YES;
				CLANG_WARN_INT_CONVERSION = YES;
				CLANG_WARN_OBJC_ROOT_CLASS = YES_ERROR;
				CLANG_WARN_UNREACHABLE_CODE = YES;
				CLANG_WARN__DUPLICATE_METHOD_MATCH = YES;
				"CODE_SIGN_IDENTITY[sdk=iphoneos*]" = "iPhone Developer";
				COPY_PHASE_STRIP = NO;
				ENABLE_STRICT_OBJC_MSGSEND = YES;
				GCC_C_LANGUAGE_STANDARD = gnu99;
				GCC_DYNAMIC_NO_PIC = NO;
				GCC_OPTIMIZATION_LEVEL = 0;
				GCC_PREPROCESSOR_DEFINITIONS = (
					"DEBUG=1",
					"$(inherited)",
				);
				GCC_SYMBOLS_PRIVATE_EXTERN = NO;
				GCC_WARN_64_TO_32_BIT_CONVERSION = YES;
				GCC_WARN_ABOUT_RETURN_TYPE = YES_ERROR;
				GCC_WARN_UNDECLARED_SELECTOR = YES;
				GCC_WARN_UNINITIALIZED_AUTOS = YES_AGGRESSIVE;
				GCC_WARN_UNUSED_FUNCTION = YES;
				GCC_WARN_UNUSED_VARIABLE = YES;
				IPHONEOS_DEPLOYMENT_TARGET = 8.2;
				MTL_ENABLE_DEBUG_INFO = YES;
				ONLY_ACTIVE_ARCH = YES;
				SDKROOT = iphoneos;
			};
			name = Debug;
		};
		23C9543F1AC3366D00798655 /* Release */ = {
			isa = XCBuildConfiguration;
			buildSettings = {
				ALWAYS_SEARCH_USER_PATHS = NO;
				CLANG_CXX_LANGUAGE_STANDARD = "gnu++0x";
				CLANG_CXX_LIBRARY = "libc++";
				CLANG_ENABLE_MODULES = YES;
				CLANG_ENABLE_OBJC_ARC = YES;
				CLANG_WARN_BOOL_CONVERSION = YES;
				CLANG_WARN_CONSTANT_CONVERSION = YES;
				CLANG_WARN_DIRECT_OBJC_ISA_USAGE = YES_ERROR;
				CLANG_WARN_EMPTY_BODY = YES;
				CLANG_WARN_ENUM_CONVERSION = YES;
				CLANG_WARN_INT_CONVERSION = YES;
				CLANG_WARN_OBJC_ROOT_CLASS = YES_ERROR;
				CLANG_WARN_UNREACHABLE_CODE = YES;
				CLANG_WARN__DUPLICATE_METHOD_MATCH = YES;
				"CODE_SIGN_IDENTITY[sdk=iphoneos*]" = "iPhone Developer";
				COPY_PHASE_STRIP = NO;
				ENABLE_NS_ASSERTIONS = NO;
				ENABLE_STRICT_OBJC_MSGSEND = YES;
				GCC_C_LANGUAGE_STANDARD = gnu99;
				GCC_WARN_64_TO_32_BIT_CONVERSION = YES;
				GCC_WARN_ABOUT_RETURN_TYPE = YES_ERROR;
				GCC_WARN_UNDECLARED_SELECTOR = YES;
				GCC_WARN_UNINITIALIZED_AUTOS = YES_AGGRESSIVE;
				GCC_WARN_UNUSED_FUNCTION = YES;
				GCC_WARN_UNUSED_VARIABLE = YES;
				IPHONEOS_DEPLOYMENT_TARGET = 8.2;
				MTL_ENABLE_DEBUG_INFO = NO;
				SDKROOT = iphoneos;
				VALIDATE_PRODUCT = YES;
			};
			name = Release;
		};
		23C954411AC3366D00798655 /* Debug */ = {
			isa = XCBuildConfiguration;
			buildSettings = {
				ASSETCATALOG_COMPILER_APPICON_NAME = AppIcon;
				INFOPLIST_FILE = ZaHunter/Info.plist;
				LD_RUNPATH_SEARCH_PATHS = "$(inherited) @executable_path/Frameworks";
				PRODUCT_NAME = "$(TARGET_NAME)";
			};
			name = Debug;
		};
		23C954421AC3366D00798655 /* Release */ = {
			isa = XCBuildConfiguration;
			buildSettings = {
				ASSETCATALOG_COMPILER_APPICON_NAME = AppIcon;
				INFOPLIST_FILE = ZaHunter/Info.plist;
				LD_RUNPATH_SEARCH_PATHS = "$(inherited) @executable_path/Frameworks";
				PRODUCT_NAME = "$(TARGET_NAME)";
			};
			name = Release;
		};
		23C954441AC3366D00798655 /* Debug */ = {
			isa = XCBuildConfiguration;
			buildSettings = {
				BUNDLE_LOADER = "$(TEST_HOST)";
				FRAMEWORK_SEARCH_PATHS = (
					"$(SDKROOT)/Developer/Library/Frameworks",
					"$(inherited)",
				);
				GCC_PREPROCESSOR_DEFINITIONS = (
					"DEBUG=1",
					"$(inherited)",
				);
				INFOPLIST_FILE = ZaHunterTests/Info.plist;
				LD_RUNPATH_SEARCH_PATHS = "$(inherited) @executable_path/Frameworks @loader_path/Frameworks";
				PRODUCT_NAME = "$(TARGET_NAME)";
				TEST_HOST = "$(BUILT_PRODUCTS_DIR)/ZaHunter.app/ZaHunter";
			};
			name = Debug;
		};
		23C954451AC3366D00798655 /* Release */ = {
			isa = XCBuildConfiguration;
			buildSettings = {
				BUNDLE_LOADER = "$(TEST_HOST)";
				FRAMEWORK_SEARCH_PATHS = (
					"$(SDKROOT)/Developer/Library/Frameworks",
					"$(inherited)",
				);
				INFOPLIST_FILE = ZaHunterTests/Info.plist;
				LD_RUNPATH_SEARCH_PATHS = "$(inherited) @executable_path/Frameworks @loader_path/Frameworks";
				PRODUCT_NAME = "$(TARGET_NAME)";
				TEST_HOST = "$(BUILT_PRODUCTS_DIR)/ZaHunter.app/ZaHunter";
			};
			name = Release;
		};
/* End XCBuildConfiguration section */

/* Begin XCConfigurationList section */
		23C954181AC3366D00798655 /* Build configuration list for PBXProject "ZaHunter" */ = {
			isa = XCConfigurationList;
			buildConfigurations = (
				23C9543E1AC3366D00798655 /* Debug */,
				23C9543F1AC3366D00798655 /* Release */,
			);
			defaultConfigurationIsVisible = 0;
			defaultConfigurationName = Release;
		};
		23C954401AC3366D00798655 /* Build configuration list for PBXNativeTarget "ZaHunter" */ = {
			isa = XCConfigurationList;
			buildConfigurations = (
				23C954411AC3366D00798655 /* Debug */,
				23C954421AC3366D00798655 /* Release */,
			);
			defaultConfigurationIsVisible = 0;
		};
		23C954431AC3366D00798655 /* Build configuration list for PBXNativeTarget "ZaHunterTests" */ = {
			isa = XCConfigurationList;
			buildConfigurations = (
				23C954441AC3366D00798655 /* Debug */,
				23C954451AC3366D00798655 /* Release */,
			);
			defaultConfigurationIsVisible = 0;
		};
/* End XCConfigurationList section */
	};
	rootObject = 23C954151AC3366D00798655 /* Project object */;
}
